
Microsoft Visual Studio Solution File, Format Version 12.00
# Visual Studio 15
Project("{FAE04EC0-301F-11D3-BF4B-00C04F79EFBC}") = "Codeteach.Android", "Codeteach.Android\Codeteach.Android.csproj", "{A3C316B6-969B-4A7A-8A3D-E79654E0BCF9}"
EndProject
Project("{FAE04EC0-301F-11D3-BF4B-00C04F79EFBC}") = "Codeteach.iOS", "Codeteach.iOS\Codeteach.iOS.csproj", "{F5B0937C-046B-42D4-A81F-5A34DB14AD79}"
EndProject
Project("{FAE04EC0-301F-11D3-BF4B-00C04F79EFBC}") = "Codeteach", "Codeteach\Codeteach.csproj", "{F7163BC0-05E8-4F57-B1B0-4B8230A04063}"
EndProject
Global
	GlobalSection(SolutionConfigurationPlatforms) = preSolution
		Debug|Any CPU = Debug|Any CPU
		Release|Any CPU = Release|Any CPU
		Debug|iPhoneSimulator = Debug|iPhoneSimulator
		Release|iPhoneSimulator = Release|iPhoneSimulator
		Debug|iPhone = Debug|iPhone
		Release|iPhone = Release|iPhone
	EndGlobalSection
	GlobalSection(ProjectConfigurationPlatforms) = postSolution
		{A3C316B6-969B-4A7A-8A3D-E79654E0BCF9}.Debug|Any CPU.ActiveCfg = Debug|Any CPU
		{A3C316B6-969B-4A7A-8A3D-E79654E0BCF9}.Debug|Any CPU.Build.0 = Debug|Any CPU
		{A3C316B6-969B-4A7A-8A3D-E79654E0BCF9}.Release|Any CPU.ActiveCfg = Release|Any CPU
		{A3C316B6-969B-4A7A-8A3D-E79654E0BCF9}.Release|Any CPU.Build.0 = Release|Any CPU
		{A3C316B6-969B-4A7A-8A3D-E79654E0BCF9}.Debug|iPhoneSimulator.ActiveCfg = Debug|Any CPU
		{A3C316B6-969B-4A7A-8A3D-E79654E0BCF9}.Debug|iPhoneSimulator.Build.0 = Debug|Any CPU
		{A3C316B6-969B-4A7A-8A3D-E79654E0BCF9}.Release|iPhoneSimulator.ActiveCfg = Release|Any CPU
		{A3C316B6-969B-4A7A-8A3D-E79654E0BCF9}.Release|iPhoneSimulator.Build.0 = Release|Any CPU
		{A3C316B6-969B-4A7A-8A3D-E79654E0BCF9}.Debug|iPhone.ActiveCfg = Debug|Any CPU
		{A3C316B6-969B-4A7A-8A3D-E79654E0BCF9}.Debug|iPhone.Build.0 = Debug|Any CPU
		{A3C316B6-969B-4A7A-8A3D-E79654E0BCF9}.Release|iPhone.ActiveCfg = Release|Any CPU
		{A3C316B6-969B-4A7A-8A3D-E79654E0BCF9}.Release|iPhone.Build.0 = Release|Any CPU
		{F5B0937C-046B-42D4-A81F-5A34DB14AD79}.Debug|Any CPU.ActiveCfg = Debug|iPhoneSimulator
		{F5B0937C-046B-42D4-A81F-5A34DB14AD79}.Debug|Any CPU.Build.0 = Debug|iPhoneSimulator
		{F5B0937C-046B-42D4-A81F-5A34DB14AD79}.Release|Any CPU.ActiveCfg = Release|iPhoneSimulator
		{F5B0937C-046B-42D4-A81F-5A34DB14AD79}.Release|Any CPU.Build.0 = Release|iPhoneSimulator
		{F5B0937C-046B-42D4-A81F-5A34DB14AD79}.Debug|iPhoneSimulator.ActiveCfg = Debug|iPhoneSimulator
		{F5B0937C-046B-42D4-A81F-5A34DB14AD79}.Debug|iPhoneSimulator.Build.0 = Debug|iPhoneSimulator
		{F5B0937C-046B-42D4-A81F-5A34DB14AD79}.Release|iPhoneSimulator.ActiveCfg = Release|iPhoneSimulator
		{F5B0937C-046B-42D4-A81F-5A34DB14AD79}.Release|iPhoneSimulator.Build.0 = Release|iPhoneSimulator
		{F5B0937C-046B-42D4-A81F-5A34DB14AD79}.Debug|iPhone.ActiveCfg = Debug|iPhone
		{F5B0937C-046B-42D4-A81F-5A34DB14AD79}.Debug|iPhone.Build.0 = Debug|iPhone
		{F5B0937C-046B-42D4-A81F-5A34DB14AD79}.Release|iPhone.ActiveCfg = Release|iPhone
		{F5B0937C-046B-42D4-A81F-5A34DB14AD79}.Release|iPhone.Build.0 = Release|iPhone
		{F7163BC0-05E8-4F57-B1B0-4B8230A04063}.Debug|Any CPU.ActiveCfg = Debug|Any CPU
		{F7163BC0-05E8-4F57-B1B0-4B8230A04063}.Debug|Any CPU.Build.0 = Debug|Any CPU
		{F7163BC0-05E8-4F57-B1B0-4B8230A04063}.Release|Any CPU.ActiveCfg = Release|Any CPU
		{F7163BC0-05E8-4F57-B1B0-4B8230A04063}.Release|Any CPU.Build.0 = Release|Any CPU
		{F7163BC0-05E8-4F57-B1B0-4B8230A04063}.Debug|iPhoneSimulator.ActiveCfg = Debug|Any CPU
		{F7163BC0-05E8-4F57-B1B0-4B8230A04063}.Debug|iPhoneSimulator.Build.0 = Debug|Any CPU
		{F7163BC0-05E8-4F57-B1B0-4B8230A04063}.Release|iPhoneSimulator.ActiveCfg = Release|Any CPU
		{F7163BC0-05E8-4F57-B1B0-4B8230A04063}.Release|iPhoneSimulator.Build.0 = Release|Any CPU
		{F7163BC0-05E8-4F57-B1B0-4B8230A04063}.Debug|iPhone.ActiveCfg = Debug|Any CPU
		{F7163BC0-05E8-4F57-B1B0-4B8230A04063}.Debug|iPhone.Build.0 = Debug|Any CPU
		{F7163BC0-05E8-4F57-B1B0-4B8230A04063}.Release|iPhone.ActiveCfg = Release|Any CPU
		{F7163BC0-05E8-4F57-B1B0-4B8230A04063}.Release|iPhone.Build.0 = Release|Any CPU
	EndGlobalSection
EndGlobal
